
Microsoft Visual Studio Solution File, Format Version 12.00
# Visual Studio 15
VisualStudioVersion = 15.0.28307.705
MinimumVisualStudioVersion = 10.0.40219.1
Project("{FAE04EC0-301F-11D3-BF4B-00C04F79EFBC}") = "CodeProject.StoreDB.Common", "CodeProject.StoreDB.Common\CodeProject.StoreDB.Common.csproj", "{C8D3A615-8C12-4274-B17E-F6A6BE31F5A1}"
EndProject
Project("{FAE04EC0-301F-11D3-BF4B-00C04F79EFBC}") = "CodeProject.StoreDB.Model", "CodeProject.StoreDB.Model\CodeProject.StoreDB.Model.csproj", "{48F0584C-F8F5-44AE-9640-D7350044C528}"
EndProject
Project("{FAE04EC0-301F-11D3-BF4B-00C04F79EFBC}") = "CodeProject.StoreDB.DataService", "CodeProject.StoreDB.DataService\CodeProject.StoreDB.DataService.csproj", "{4167FCF2-F3DA-4A97-A5CD-4C9E156546E2}"
EndProject
Project("{FAE04EC0-301F-11D3-BF4B-00C04F79EFBC}") = "CodeProject.StoreDB.BusinessSevice", "CodeProject.StoreDB.BusinessSevice\CodeProject.StoreDB.BusinessSevice.csproj", "{A44DF2E8-6FF4-4725-A53E-3552B04865E0}"
EndProject
Project("{FAE04EC0-301F-11D3-BF4B-00C04F79EFBC}") = "CodeProject.StoreDB.Interfaces", "CodeProject.StoreDB.Interfaces\CodeProject.StoreDB.Interfaces.csproj", "{F4F61C41-F95A-4F76-85C5-038E80480405}"
EndProject
Project("{FAE04EC0-301F-11D3-BF4B-00C04F79EFBC}") = "CodeProject.StoreDB.Portal", "CodeProject.StoreDB.Portal\CodeProject.StoreDB.Portal.csproj", "{E6FFDC76-02AE-48F7-A2A9-7E2406BC0B97}"
EndProject
Global
	GlobalSection(SolutionConfigurationPlatforms) = preSolution
		Debug|Any CPU = Debug|Any CPU
		Release|Any CPU = Release|Any CPU
	EndGlobalSection
	GlobalSection(ProjectConfigurationPlatforms) = postSolution
		{C8D3A615-8C12-4274-B17E-F6A6BE31F5A1}.Debug|Any CPU.ActiveCfg = Debug|Any CPU
		{C8D3A615-8C12-4274-B17E-F6A6BE31F5A1}.Debug|Any CPU.Build.0 = Debug|Any CPU
		{C8D3A615-8C12-4274-B17E-F6A6BE31F5A1}.Release|Any CPU.ActiveCfg = Release|Any CPU
		{C8D3A615-8C12-4274-B17E-F6A6BE31F5A1}.Release|Any CPU.Build.0 = Release|Any CPU
		{48F0584C-F8F5-44AE-9640-D7350044C528}.Debug|Any CPU.ActiveCfg = Debug|Any CPU
		{48F0584C-F8F5-44AE-9640-D7350044C528}.Debug|Any CPU.Build.0 = Debug|Any CPU
		{48F0584C-F8F5-44AE-9640-D7350044C528}.Release|Any CPU.ActiveCfg = Release|Any CPU
		{48F0584C-F8F5-44AE-9640-D7350044C528}.Release|Any CPU.Build.0 = Release|Any CPU
		{4167FCF2-F3DA-4A97-A5CD-4C9E156546E2}.Debug|Any CPU.ActiveCfg = Debug|Any CPU
		{4167FCF2-F3DA-4A97-A5CD-4C9E156546E2}.Debug|Any CPU.Build.0 = Debug|Any CPU
		{4167FCF2-F3DA-4A97-A5CD-4C9E156546E2}.Release|Any CPU.ActiveCfg = Release|Any CPU
		{4167FCF2-F3DA-4A97-A5CD-4C9E156546E2}.Release|Any CPU.Build.0 = Release|Any CPU
		{A44DF2E8-6FF4-4725-A53E-3552B04865E0}.Debug|Any CPU.ActiveCfg = Debug|Any CPU
		{A44DF2E8-6FF4-4725-A53E-3552B04865E0}.Debug|Any CPU.Build.0 = Debug|Any CPU
		{A44DF2E8-6FF4-4725-A53E-3552B04865E0}.Release|Any CPU.ActiveCfg = Release|Any CPU
		{A44DF2E8-6FF4-4725-A53E-3552B04865E0}.Release|Any CPU.Build.0 = Release|Any CPU
		{F4F61C41-F95A-4F76-85C5-038E80480405}.Debug|Any CPU.ActiveCfg = Debug|Any CPU
		{F4F61C41-F95A-4F76-85C5-038E80480405}.Debug|Any CPU.Build.0 = Debug|Any CPU
		{F4F61C41-F95A-4F76-85C5-038E80480405}.Release|Any CPU.ActiveCfg = Release|Any CPU
		{F4F61C41-F95A-4F76-85C5-038E80480405}.Release|Any CPU.Build.0 = Release|Any CPU
		{E6FFDC76-02AE-48F7-A2A9-7E2406BC0B97}.Debug|Any CPU.ActiveCfg = Debug|Any CPU
		{E6FFDC76-02AE-48F7-A2A9-7E2406BC0B97}.Debug|Any CPU.Build.0 = Debug|Any CPU
		{E6FFDC76-02AE-48F7-A2A9-7E2406BC0B97}.Release|Any CPU.ActiveCfg = Release|Any CPU
		{E6FFDC76-02AE-48F7-A2A9-7E2406BC0B97}.Release|Any CPU.Build.0 = Release|Any CPU
	EndGlobalSection
	GlobalSection(SolutionProperties) = preSolution
		HideSolutionNode = FALSE
	EndGlobalSection
	GlobalSection(ExtensibilityGlobals) = postSolution
		SolutionGuid = {CE1C370A-A5F1-4BE5-B232-4B5CA5A5AA0D}
	EndGlobalSection
EndGlobal
